<?xml version="1.0" encoding="utf-8"?>
<Project ToolsVersion="4.0" xmlns="http://schemas.microsoft.com/developer/msbuild/2003">
  <ItemGroup>
    <Filter Include="Source Files">
      <UniqueIdentifier>{4FC737F1-C7A5-4376-A066-2A32D752A2FF}</UniqueIdentifier>
      <Extensions>cpp;c;cc;cxx;c++;cppm;ixx;def;odl;idl;hpj;bat;asm;asmx</Extensions>
    </Filter>
    <Filter Include="Source Files\public">
      <UniqueIdentifier>{3cfcf92e-a686-4acf-a8e2-a1c69f8ddd37}</UniqueIdentifier>
    </Filter>
    <Filter Include="Source Files\private">
      <UniqueIdentifier>{ea8481c1-70dc-4575-b814-6bfa7cd0b0ae}</UniqueIdentifier>
    </Filter>
    <Filter Include="Source Files\private\Manager">
      <UniqueIdentifier>{17cbff91-83a3-4e9a-8b7b-9b23d846d0ef}</UniqueIdentifier>
    </Filter>
    <Filter Include="Source Files\public\Manager">
      <UniqueIdentifier>{6c033abe-568a-4c10-8aca-9c6868a8cb85}</UniqueIdentifier>
    </Filter>
    <Filter Include="Source Files\public\Actor">
      <UniqueIdentifier>{93cc964c-423b-446c-ad00-bbdce4c4025f}</UniqueIdentifier>
    </Filter>
    <Filter Include="Source Files\private\Actor">
      <UniqueIdentifier>{59115489-e6d6-49b8-ba38-5749656877f8}</UniqueIdentifier>
    </Filter>
    <Filter Include="Source Files\private\Component">
      <UniqueIdentifier>{f949126e-8089-409a-a267-157720b67919}</UniqueIdentifier>
    </Filter>
    <Filter Include="Source Files\public\Component">
      <UniqueIdentifier>{742620c9-5781-4068-83c0-b1e7d7c2dc3a}</UniqueIdentifier>
    </Filter>
    <Filter Include="Source Files\public\Input">
      <UniqueIdentifier>{547462bc-8f24-4cd5-8763-af5b25a098b4}</UniqueIdentifier>
    </Filter>
    <Filter Include="Source Files\public\Common">
      <UniqueIdentifier>{dfb0819c-f86b-460d-8a06-fd9a4f7d8b63}</UniqueIdentifier>
    </Filter>
    <Filter Include="Source Files\private\Common">
      <UniqueIdentifier>{6c039635-c2ea-4c05-a9bc-3414dfdc4307}</UniqueIdentifier>
    </Filter>
  </ItemGroup>
  <ItemGroup>
    <ClInclude Include="pch.h">
      <Filter>Source Files</Filter>
    </ClInclude>
    <ClInclude Include="Engine.h">
      <Filter>Source Files\public</Filter>
    </ClInclude>
    <ClInclude Include="TimeManager.h">
      <Filter>Source Files\public\Manager</Filter>
    </ClInclude>
    <ClInclude Include="Object.h">
      <Filter>Source Files\public</Filter>
    </ClInclude>
    <ClInclude Include="Actor.h">
      <Filter>Source Files\public\Actor</Filter>
    </ClInclude>
    <ClInclude Include="Component.h">
      <Filter>Source Files\public\Component</Filter>
    </ClInclude>
    <ClInclude Include="InputTypes.h">
      <Filter>Source Files\public\Common</Filter>
    </ClInclude>
    <ClInclude Include="EngineHeaders.h">
      <Filter>Source Files\public\Input</Filter>
    </ClInclude>
    <ClInclude Include="InputAction.h">
      <Filter>Source Files\public\Input</Filter>
    </ClInclude>
    <ClInclude Include="InputManager.h">
      <Filter>Source Files\public\Manager</Filter>
    </ClInclude>
  </ItemGroup>
  <ItemGroup>
    <ClCompile Include="pch.cpp">
      <Filter>Source Files</Filter>
    </ClCompile>
    <ClCompile Include="TimeManager.cpp">
      <Filter>Source Files\private\Manager</Filter>
    </ClCompile>
    <ClCompile Include="Actor.cpp">
      <Filter>Source Files\private\Actor</Filter>
    </ClCompile>
    <ClCompile Include="Component.cpp">
      <Filter>Source Files\private\Component</Filter>
    </ClCompile>
    <ClCompile Include="Engine.cpp">
      <Filter>Source Files\private</Filter>
    </ClCompile>
    <ClCompile Include="Object.cpp">
      <Filter>Source Files\private</Filter>
    </ClCompile>
    <ClCompile Include="InputManager.cpp">
      <Filter>Source Files\private\Manager</Filter>
    </ClCompile>
  </ItemGroup>
</Project>